
Microsoft Visual Studio Solution File, Format Version 12.00
# Visual Studio 15
VisualStudioVersion = 15.0.28307.421
MinimumVisualStudioVersion = 10.0.40219.1
Project("{FAE04EC0-301F-11D3-BF4B-00C04F79EFBC}") = "WindowsFormsApp23", "WindowsFormsApp23\WindowsFormsApp23.csproj", "{140668DA-B3D7-477E-BF9C-21597474E4C7}"
EndProject
Global
	GlobalSection(SolutionConfigurationPlatforms) = preSolution
		Debug|Any CPU = Debug|Any CPU
		Release|Any CPU = Release|Any CPU
	EndGlobalSection
	GlobalSection(ProjectConfigurationPlatforms) = postSolution
		{140668DA-B3D7-477E-BF9C-21597474E4C7}.Debug|Any CPU.ActiveCfg = Debug|Any CPU
		{140668DA-B3D7-477E-BF9C-21597474E4C7}.Debug|Any CPU.Build.0 = Debug|Any CPU
		{140668DA-B3D7-477E-BF9C-21597474E4C7}.Release|Any CPU.ActiveCfg = Release|Any CPU
		{140668DA-B3D7-477E-BF9C-21597474E4C7}.Release|Any CPU.Build.0 = Release|Any CPU
	EndGlobalSection
	GlobalSection(SolutionProperties) = preSolution
		HideSolutionNode = FALSE
	EndGlobalSection
	GlobalSection(ExtensibilityGlobals) = postSolution
		SolutionGuid = {8545B4F6-F260-46BC-BFC4-968F629955DF}
	EndGlobalSection
EndGlobal
