
Microsoft Visual Studio Solution File, Format Version 12.00
# Visual Studio Version 16
VisualStudioVersion = 16.0.32228.343
MinimumVisualStudioVersion = 10.0.40219.1
Project("{FAE04EC0-301F-11D3-BF4B-00C04F79EFBC}") = "MalWiederEinSslBot", "MalWiederEinSslBot\MalWiederEinSslBot.csproj", "{11D6CE1A-88ED-4A0E-91EE-987BEA5FDD05}"
EndProject
Global
	GlobalSection(SolutionConfigurationPlatforms) = preSolution
		Debug|Any CPU = Debug|Any CPU
		Release|Any CPU = Release|Any CPU
	EndGlobalSection
	GlobalSection(ProjectConfigurationPlatforms) = postSolution
		{11D6CE1A-88ED-4A0E-91EE-987BEA5FDD05}.Debug|Any CPU.ActiveCfg = Debug|Any CPU
		{11D6CE1A-88ED-4A0E-91EE-987BEA5FDD05}.Debug|Any CPU.Build.0 = Debug|Any CPU
		{11D6CE1A-88ED-4A0E-91EE-987BEA5FDD05}.Release|Any CPU.ActiveCfg = Release|Any CPU
		{11D6CE1A-88ED-4A0E-91EE-987BEA5FDD05}.Release|Any CPU.Build.0 = Release|Any CPU
	EndGlobalSection
	GlobalSection(SolutionProperties) = preSolution
		HideSolutionNode = FALSE
	EndGlobalSection
	GlobalSection(ExtensibilityGlobals) = postSolution
		SolutionGuid = {155ABD1A-AA15-4BF5-915C-240AD66A6AB8}
	EndGlobalSection
EndGlobal
